
Microsoft Visual Studio Solution File, Format Version 12.00
# Visual Studio 2013
VisualStudioVersion = 12.0.21005.1
MinimumVisualStudioVersion = 10.0.40219.1
Project("{FAE04EC0-301F-11D3-BF4B-00C04F79EFBC}") = "Diagnostics.IIS.Core", "Diagnostics.IIS.Core\Diagnostics.IIS.Core.csproj", "{D19D3929-B7ED-4E74-A4FA-E4E7F8748586}"
EndProject
Project("{2150E333-8FDC-42A3-9474-1A3956D46DE8}") = ".nuget", ".nuget", "{2479D5A1-CB0E-4743-9078-23D832D3E646}"
	ProjectSection(SolutionItems) = preProject
		.nuget\NuGet.Config = .nuget\NuGet.Config
		.nuget\NuGet.exe = .nuget\NuGet.exe
		.nuget\NuGet.targets = .nuget\NuGet.targets
	EndProjectSection
EndProject
Project("{FAE04EC0-301F-11D3-BF4B-00C04F79EFBC}") = "Diagnostics.Database.Core", "Diagnostics.Database.Core\Diagnostics.Database.Core.csproj", "{D50846D7-DF80-494F-A56C-E2AEB7DCA920}"
EndProject
Project("{FAE04EC0-301F-11D3-BF4B-00C04F79EFBC}") = "Diagnostics.IIS.Core.Tests", "Diagnostics.IIS.Core.Tests\Diagnostics.IIS.Core.Tests.csproj", "{643AFB3B-7A00-4D13-AC81-1095CB3E6EE4}"
EndProject
Project("{FAE04EC0-301F-11D3-BF4B-00C04F79EFBC}") = "Diagnostics.Common", "Diagnostics.Common\Diagnostics.Common.csproj", "{647BAE7F-4AC5-40AC-9725-C60F167249DC}"
EndProject
Project("{FAE04EC0-301F-11D3-BF4B-00C04F79EFBC}") = "Diagnostics.Core", "Diagnostics.Core\Diagnostics.Core.csproj", "{26E6B1A9-6BCA-4C93-BBE5-0B456DA1C4A9}"
EndProject
Project("{2150E333-8FDC-42A3-9474-1A3956D46DE8}") = "Providers", "Providers", "{92F6E4C5-86D4-4A6F-98F6-61A8D073D6CD}"
EndProject
Project("{FAE04EC0-301F-11D3-BF4B-00C04F79EFBC}") = "Diagnostics.Core.Tests", "Diagnostics.Core.Tests\Diagnostics.Core.Tests.csproj", "{612E2F81-5E71-4E87-B348-80462E29426F}"
EndProject
Global
	GlobalSection(SolutionConfigurationPlatforms) = preSolution
		Debug|Any CPU = Debug|Any CPU
		Release|Any CPU = Release|Any CPU
	EndGlobalSection
	GlobalSection(ProjectConfigurationPlatforms) = postSolution
		{D19D3929-B7ED-4E74-A4FA-E4E7F8748586}.Debug|Any CPU.ActiveCfg = Debug|Any CPU
		{D19D3929-B7ED-4E74-A4FA-E4E7F8748586}.Debug|Any CPU.Build.0 = Debug|Any CPU
		{D19D3929-B7ED-4E74-A4FA-E4E7F8748586}.Release|Any CPU.ActiveCfg = Release|Any CPU
		{D19D3929-B7ED-4E74-A4FA-E4E7F8748586}.Release|Any CPU.Build.0 = Release|Any CPU
		{D50846D7-DF80-494F-A56C-E2AEB7DCA920}.Debug|Any CPU.ActiveCfg = Debug|Any CPU
		{D50846D7-DF80-494F-A56C-E2AEB7DCA920}.Debug|Any CPU.Build.0 = Debug|Any CPU
		{D50846D7-DF80-494F-A56C-E2AEB7DCA920}.Release|Any CPU.ActiveCfg = Release|Any CPU
		{D50846D7-DF80-494F-A56C-E2AEB7DCA920}.Release|Any CPU.Build.0 = Release|Any CPU
		{643AFB3B-7A00-4D13-AC81-1095CB3E6EE4}.Debug|Any CPU.ActiveCfg = Debug|Any CPU
		{643AFB3B-7A00-4D13-AC81-1095CB3E6EE4}.Debug|Any CPU.Build.0 = Debug|Any CPU
		{643AFB3B-7A00-4D13-AC81-1095CB3E6EE4}.Release|Any CPU.ActiveCfg = Release|Any CPU
		{643AFB3B-7A00-4D13-AC81-1095CB3E6EE4}.Release|Any CPU.Build.0 = Release|Any CPU
		{647BAE7F-4AC5-40AC-9725-C60F167249DC}.Debug|Any CPU.ActiveCfg = Debug|Any CPU
		{647BAE7F-4AC5-40AC-9725-C60F167249DC}.Debug|Any CPU.Build.0 = Debug|Any CPU
		{647BAE7F-4AC5-40AC-9725-C60F167249DC}.Release|Any CPU.ActiveCfg = Release|Any CPU
		{647BAE7F-4AC5-40AC-9725-C60F167249DC}.Release|Any CPU.Build.0 = Release|Any CPU
		{26E6B1A9-6BCA-4C93-BBE5-0B456DA1C4A9}.Debug|Any CPU.ActiveCfg = Debug|Any CPU
		{26E6B1A9-6BCA-4C93-BBE5-0B456DA1C4A9}.Debug|Any CPU.Build.0 = Debug|Any CPU
		{26E6B1A9-6BCA-4C93-BBE5-0B456DA1C4A9}.Release|Any CPU.ActiveCfg = Release|Any CPU
		{26E6B1A9-6BCA-4C93-BBE5-0B456DA1C4A9}.Release|Any CPU.Build.0 = Release|Any CPU
		{612E2F81-5E71-4E87-B348-80462E29426F}.Debug|Any CPU.ActiveCfg = Debug|Any CPU
		{612E2F81-5E71-4E87-B348-80462E29426F}.Debug|Any CPU.Build.0 = Debug|Any CPU
		{612E2F81-5E71-4E87-B348-80462E29426F}.Release|Any CPU.ActiveCfg = Release|Any CPU
		{612E2F81-5E71-4E87-B348-80462E29426F}.Release|Any CPU.Build.0 = Release|Any CPU
	EndGlobalSection
	GlobalSection(SolutionProperties) = preSolution
		HideSolutionNode = FALSE
	EndGlobalSection
	GlobalSection(NestedProjects) = preSolution
		{D50846D7-DF80-494F-A56C-E2AEB7DCA920} = {92F6E4C5-86D4-4A6F-98F6-61A8D073D6CD}
		{D19D3929-B7ED-4E74-A4FA-E4E7F8748586} = {92F6E4C5-86D4-4A6F-98F6-61A8D073D6CD}
		{643AFB3B-7A00-4D13-AC81-1095CB3E6EE4} = {92F6E4C5-86D4-4A6F-98F6-61A8D073D6CD}
	EndGlobalSection
EndGlobal
